
Microsoft Visual Studio Solution File, Format Version 12.00
# Visual Studio 15
VisualStudioVersion = 15.0.27428.2015
MinimumVisualStudioVersion = 10.0.40219.1
Project("{9A19103F-16F7-4668-BE54-9A1E7A4F7556}") = "ICal-TimeZone-Override-Service", "ICal-TimeZone-Override-Service\ICal-TimeZone-Override-Service.csproj", "{2E187CE4-CF03-4126-B416-1E8E3594C9EB}"
EndProject
Global
	GlobalSection(SolutionConfigurationPlatforms) = preSolution
		Debug|Any CPU = Debug|Any CPU
		Release|Any CPU = Release|Any CPU
	EndGlobalSection
	GlobalSection(ProjectConfigurationPlatforms) = postSolution
		{2E187CE4-CF03-4126-B416-1E8E3594C9EB}.Debug|Any CPU.ActiveCfg = Debug|Any CPU
		{2E187CE4-CF03-4126-B416-1E8E3594C9EB}.Debug|Any CPU.Build.0 = Debug|Any CPU
		{2E187CE4-CF03-4126-B416-1E8E3594C9EB}.Release|Any CPU.ActiveCfg = Release|Any CPU
		{2E187CE4-CF03-4126-B416-1E8E3594C9EB}.Release|Any CPU.Build.0 = Release|Any CPU
	EndGlobalSection
	GlobalSection(SolutionProperties) = preSolution
		HideSolutionNode = FALSE
	EndGlobalSection
	GlobalSection(ExtensibilityGlobals) = postSolution
		SolutionGuid = {E51115D8-21FF-440B-8525-76A848B53482}
	EndGlobalSection
EndGlobal
